<?xml version="1.0" encoding="utf-8"?>
<Project ToolsVersion="4.0" xmlns="http://schemas.microsoft.com/developer/msbuild/2003">
  <ItemGroup>
    <Filter Include="Source Files">
      <UniqueIdentifier>{4FC737F1-C7A5-4376-A066-2A32D752A2FF}</UniqueIdentifier>
      <Extensions>cpp;c;cc;cxx;c++;cppm;ixx;def;odl;idl;hpj;bat;asm;asmx</Extensions>
    </Filter>
    <Filter Include="Header Files">
      <UniqueIdentifier>{93995380-89BD-4b04-88EB-625FBE52EBFB}</UniqueIdentifier>
      <Extensions>h;hh;hpp;hxx;h++;hm;inl;inc;ipp;xsd</Extensions>
    </Filter>
    <Filter Include="Resource Files">
      <UniqueIdentifier>{67DA6AB6-F800-4c08-8B7A-83BB121AAD01}</UniqueIdentifier>
      <Extensions>rc;ico;cur;bmp;dlg;rc2;rct;bin;rgs;gif;jpg;jpeg;jpe;resx;tiff;tif;png;wav;mfcribbon-ms</Extensions>
    </Filter>
    <Filter Include="Header Files\Business Layer">
      <UniqueIdentifier>{d2da2f22-ca28-4eb6-b18b-bd150ce92cfd}</UniqueIdentifier>
    </Filter>
    <Filter Include="Header Files\User InterFaces%28UI%29">
      <UniqueIdentifier>{57ec9946-72ef-4b1a-9230-50ce78c53717}</UniqueIdentifier>
    </Filter>
    <Filter Include="Header Files\User InterFaces%28UI%29\Screens">
      <UniqueIdentifier>{b59cf5b4-ea31-43fb-a675-ba56ebee26a7}</UniqueIdentifier>
    </Filter>
    <Filter Include="Header Files\User InterFaces%28UI%29\Screens\MainScreen">
      <UniqueIdentifier>{5ac469d0-e8a3-4b45-a7d2-495cabf8f21b}</UniqueIdentifier>
    </Filter>
    <Filter Include="Header Files\User InterFaces%28UI%29\Screens\TransactionScreen">
      <UniqueIdentifier>{b87f51d3-2db4-4eec-a434-4e5f9df2146c}</UniqueIdentifier>
    </Filter>
    <Filter Include="Header Files\User InterFaces%28UI%29\Screens\ManageUsersScreen">
      <UniqueIdentifier>{ea5a11a2-bf31-4681-b4ed-44c01106c067}</UniqueIdentifier>
    </Filter>
    <Filter Include="Header Files\User InterFaces%28UI%29\Screens\Longin&amp;LogoutScreen">
      <UniqueIdentifier>{f7567ca6-eace-4802-8271-17eb8eb5d5cb}</UniqueIdentifier>
    </Filter>
    <Filter Include="Header Files\User InterFaces%28UI%29\Screens\CurrencyScreen">
      <UniqueIdentifier>{db66fa99-0a15-41d4-91fc-03af4ce9cd25}</UniqueIdentifier>
    </Filter>
  </ItemGroup>
  <ItemGroup>
    <ClCompile Include="BankSystem_oop.cpp">
      <Filter>Source Files</Filter>
    </ClCompile>
  </ItemGroup>
  <ItemGroup>
    <ClInclude Include="cClient.h">
      <Filter>Header Files\Business Layer</Filter>
    </ClInclude>
    <ClInclude Include="cPerson.h">
      <Filter>Header Files\Business Layer</Filter>
    </ClInclude>
    <ClInclude Include="cScreen.h">
      <Filter>Header Files\User InterFaces%28UI%29\Screens</Filter>
    </ClInclude>
    <ClInclude Include="cAddNewClientScreen.h">
      <Filter>Header Files\User InterFaces%28UI%29\Screens\MainScreen</Filter>
    </ClInclude>
    <ClInclude Include="cDeleteClientScreen.h">
      <Filter>Header Files\User InterFaces%28UI%29\Screens\MainScreen</Filter>
    </ClInclude>
    <ClInclude Include="cFindClientScreen.h">
      <Filter>Header Files\User InterFaces%28UI%29\Screens\MainScreen</Filter>
    </ClInclude>
    <ClInclude Include="cListClientsScreen.h">
      <Filter>Header Files\User InterFaces%28UI%29\Screens\MainScreen</Filter>
    </ClInclude>
    <ClInclude Include="cMainScreen.h">
      <Filter>Header Files\User InterFaces%28UI%29\Screens\MainScreen</Filter>
    </ClInclude>
    <ClInclude Include="cUpdateClientScreen.h">
      <Filter>Header Files\User InterFaces%28UI%29\Screens\MainScreen</Filter>
    </ClInclude>
    <ClInclude Include="cTransactionScreen.h">
      <Filter>Header Files\User InterFaces%28UI%29\Screens\TransactionScreen</Filter>
    </ClInclude>
    <ClInclude Include="cShowDepositScrren.h">
      <Filter>Header Files\User InterFaces%28UI%29\Screens\TransactionScreen</Filter>
    </ClInclude>
    <ClInclude Include="cWelcomeScreen.h">
      <Filter>Header Files\User InterFaces%28UI%29\Screens</Filter>
    </ClInclude>
    <ClInclude Include="cShowWithdrawScreen.h">
      <Filter>Header Files\User InterFaces%28UI%29\Screens\TransactionScreen</Filter>
    </ClInclude>
    <ClInclude Include="cTotalBalancesScreen.h">
      <Filter>Header Files\User InterFaces%28UI%29\Screens\TransactionScreen</Filter>
    </ClInclude>
    <ClInclude Include="cMangeUsersScreen.h">
      <Filter>Header Files\User InterFaces%28UI%29\Screens\ManageUsersScreen</Filter>
    </ClInclude>
    <ClInclude Include="cUser.h">
      <Filter>Header Files\Business Layer</Filter>
    </ClInclude>
    <ClInclude Include="cListOfUsersScreen.h">
      <Filter>Header Files\User InterFaces%28UI%29\Screens\ManageUsersScreen</Filter>
    </ClInclude>
    <ClInclude Include="cAddNewUserScreen.h">
      <Filter>Header Files\User InterFaces%28UI%29\Screens\ManageUsersScreen</Filter>
    </ClInclude>
    <ClInclude Include="cDeleteUserScreen.h">
      <Filter>Header Files\User InterFaces%28UI%29\Screens\ManageUsersScreen</Filter>
    </ClInclude>
    <ClInclude Include="cUpdateUserScreen.h">
      <Filter>Header Files\User InterFaces%28UI%29\Screens\ManageUsersScreen</Filter>
    </ClInclude>
    <ClInclude Include="cFindUserScreen.h">
      <Filter>Header Files\User InterFaces%28UI%29\Screens\ManageUsersScreen</Filter>
    </ClInclude>
    <ClInclude Include="cLonginScreen.h">
      <Filter>Header Files\User InterFaces%28UI%29\Screens\Longin&amp;LogoutScreen</Filter>
    </ClInclude>
    <ClInclude Include="cGlobal.h">
      <Filter>Header Files\User InterFaces%28UI%29\Screens\Longin&amp;LogoutScreen</Filter>
    </ClInclude>
    <ClInclude Include="cListOfRegisterLoginScreen.h">
      <Filter>Header Files\User InterFaces%28UI%29\Screens\ManageUsersScreen</Filter>
    </ClInclude>
    <ClInclude Include="cTransferScreen.h">
      <Filter>Header Files\User InterFaces%28UI%29\Screens\TransactionScreen</Filter>
    </ClInclude>
    <ClInclude Include="cShowTransferLogsScreen.h">
      <Filter>Header Files\User InterFaces%28UI%29\Screens\TransactionScreen</Filter>
    </ClInclude>
    <ClInclude Include="cCurrency.h">
      <Filter>Header Files\Business Layer</Filter>
    </ClInclude>
    <ClInclude Include="cCurrencyScreen.h">
      <Filter>Header Files\User InterFaces%28UI%29\Screens\CurrencyScreen</Filter>
    </ClInclude>
    <ClInclude Include="cListOfCurrencies.h">
      <Filter>Header Files\User InterFaces%28UI%29\Screens\CurrencyScreen</Filter>
    </ClInclude>
    <ClInclude Include="cFindCurrencyScreen.h">
      <Filter>Header Files\User InterFaces%28UI%29\Screens\CurrencyScreen</Filter>
    </ClInclude>
    <ClInclude Include="cUpdateCurrencyRateScreen.h">
      <Filter>Header Files\User InterFaces%28UI%29\Screens\CurrencyScreen</Filter>
    </ClInclude>
    <ClInclude Include="cCurrencyCalcScreen.h">
      <Filter>Header Files\User InterFaces%28UI%29\Screens\CurrencyScreen</Filter>
    </ClInclude>
  </ItemGroup>
</Project>